// !$*UTF8*$!
{
	archiveVersion = 1;
	classes = {
	};
	objectVersion = 55;
	objects = {

/* Begin PBXBuildFile section */
		FBD5E5782887E15900009C7F /* AppDelegate.swift in Sources */ = {isa = PBXBuildFile; fileRef = FBD5E5772887E15900009C7F /* AppDelegate.swift */; };
		FBD5E57A2887E15900009C7F /* SceneDelegate.swift in Sources */ = {isa = PBXBuildFile; fileRef = FBD5E5792887E15900009C7F /* SceneDelegate.swift */; };
		FBD5E57F2887E15900009C7F /* Main.storyboard in Resources */ = {isa = PBXBuildFile; fileRef = FBD5E57D2887E15900009C7F /* Main.storyboard */; };
		FBD5E5812887E15B00009C7F /* Assets.xcassets in Resources */ = {isa = PBXBuildFile; fileRef = FBD5E5802887E15B00009C7F /* Assets.xcassets */; };
		FBD5E5842887E15B00009C7F /* LaunchScreen.storyboard in Resources */ = {isa = PBXBuildFile; fileRef = FBD5E5822887E15B00009C7F /* LaunchScreen.storyboard */; };
		FBD5E58F2887E15B00009C7F /* CleanAppPracetice02Tests.swift in Sources */ = {isa = PBXBuildFile; fileRef = FBD5E58E2887E15B00009C7F /* CleanAppPracetice02Tests.swift */; };
		FBD5E5992887E15B00009C7F /* CleanAppPracetice02UITests.swift in Sources */ = {isa = PBXBuildFile; fileRef = FBD5E5982887E15B00009C7F /* CleanAppPracetice02UITests.swift */; };
		FBD5E59B2887E15B00009C7F /* CleanAppPracetice02UITestsLaunchTests.swift in Sources */ = {isa = PBXBuildFile; fileRef = FBD5E59A2887E15B00009C7F /* CleanAppPracetice02UITestsLaunchTests.swift */; };
		FBD5E5B22887ED8300009C7F /* LoginPresenter.swift in Sources */ = {isa = PBXBuildFile; fileRef = FBD5E5AC2887ED8300009C7F /* LoginPresenter.swift */; };
		FBD5E5B32887ED8300009C7F /* LoginWorker.swift in Sources */ = {isa = PBXBuildFile; fileRef = FBD5E5AD2887ED8300009C7F /* LoginWorker.swift */; };
		FBD5E5B42887ED8300009C7F /* LoginRouter.swift in Sources */ = {isa = PBXBuildFile; fileRef = FBD5E5AE2887ED8300009C7F /* LoginRouter.swift */; };
		FBD5E5B52887ED8300009C7F /* LoginModels.swift in Sources */ = {isa = PBXBuildFile; fileRef = FBD5E5AF2887ED8300009C7F /* LoginModels.swift */; };
		FBD5E5B62887ED8300009C7F /* LoginViewController.swift in Sources */ = {isa = PBXBuildFile; fileRef = FBD5E5B02887ED8300009C7F /* LoginViewController.swift */; };
		FBD5E5B72887ED8300009C7F /* LoginInteractor.swift in Sources */ = {isa = PBXBuildFile; fileRef = FBD5E5B12887ED8300009C7F /* LoginInteractor.swift */; };
		FBD5E5BA2887EDE200009C7F /* Login.storyboard in Resources */ = {isa = PBXBuildFile; fileRef = FBD5E5B92887EDE200009C7F /* Login.storyboard */; };
		FBD5E5C22887EE3D00009C7F /* RootPresenter.swift in Sources */ = {isa = PBXBuildFile; fileRef = FBD5E5BC2887EE3D00009C7F /* RootPresenter.swift */; };
		FBD5E5C32887EE3D00009C7F /* RootWorker.swift in Sources */ = {isa = PBXBuildFile; fileRef = FBD5E5BD2887EE3D00009C7F /* RootWorker.swift */; };
		FBD5E5C42887EE3D00009C7F /* RootRouter.swift in Sources */ = {isa = PBXBuildFile; fileRef = FBD5E5BE2887EE3D00009C7F /* RootRouter.swift */; };
		FBD5E5C52887EE3D00009C7F /* RootModels.swift in Sources */ = {isa = PBXBuildFile; fileRef = FBD5E5BF2887EE3D00009C7F /* RootModels.swift */; };
		FBD5E5C62887EE3D00009C7F /* RootViewController.swift in Sources */ = {isa = PBXBuildFile; fileRef = FBD5E5C02887EE3D00009C7F /* RootViewController.swift */; };
		FBD5E5C72887EE3D00009C7F /* RootInteractor.swift in Sources */ = {isa = PBXBuildFile; fileRef = FBD5E5C12887EE3D00009C7F /* RootInteractor.swift */; };
		FBD5E5C92887EEFB00009C7F /* Home.storyboard in Resources */ = {isa = PBXBuildFile; fileRef = FBD5E5C82887EEFB00009C7F /* Home.storyboard */; };
		FBD5E5CB2887EF2700009C7F /* News.storyboard in Resources */ = {isa = PBXBuildFile; fileRef = FBD5E5CA2887EF2700009C7F /* News.storyboard */; };
		FBD5E5CD2887EF3F00009C7F /* Activity.storyboard in Resources */ = {isa = PBXBuildFile; fileRef = FBD5E5CC2887EF3F00009C7F /* Activity.storyboard */; };
		FBD5E5CF2887EF5200009C7F /* Setting.storyboard in Resources */ = {isa = PBXBuildFile; fileRef = FBD5E5CE2887EF5200009C7F /* Setting.storyboard */; };
		FBD5E5DA2887F00D00009C7F /* HomePresenter.swift in Sources */ = {isa = PBXBuildFile; fileRef = FBD5E5D42887F00D00009C7F /* HomePresenter.swift */; };
		FBD5E5DB2887F00D00009C7F /* HomeWorker.swift in Sources */ = {isa = PBXBuildFile; fileRef = FBD5E5D52887F00D00009C7F /* HomeWorker.swift */; };
		FBD5E5DC2887F00D00009C7F /* HomeRouter.swift in Sources */ = {isa = PBXBuildFile; fileRef = FBD5E5D62887F00D00009C7F /* HomeRouter.swift */; };
		FBD5E5DD2887F00D00009C7F /* HomeModels.swift in Sources */ = {isa = PBXBuildFile; fileRef = FBD5E5D72887F00D00009C7F /* HomeModels.swift */; };
		FBD5E5DE2887F00D00009C7F /* HomeViewController.swift in Sources */ = {isa = PBXBuildFile; fileRef = FBD5E5D82887F00D00009C7F /* HomeViewController.swift */; };
		FBD5E5DF2887F00D00009C7F /* HomeInteractor.swift in Sources */ = {isa = PBXBuildFile; fileRef = FBD5E5D92887F00D00009C7F /* HomeInteractor.swift */; };
		FBD5E5EA2887F08700009C7F /* NewsPresenter.swift in Sources */ = {isa = PBXBuildFile; fileRef = FBD5E5E42887F08700009C7F /* NewsPresenter.swift */; };
		FBD5E5EB2887F08700009C7F /* NewsWorker.swift in Sources */ = {isa = PBXBuildFile; fileRef = FBD5E5E52887F08700009C7F /* NewsWorker.swift */; };
		FBD5E5EC2887F08700009C7F /* NewsRouter.swift in Sources */ = {isa = PBXBuildFile; fileRef = FBD5E5E62887F08700009C7F /* NewsRouter.swift */; };
		FBD5E5ED2887F08700009C7F /* NewsModels.swift in Sources */ = {isa = PBXBuildFile; fileRef = FBD5E5E72887F08700009C7F /* NewsModels.swift */; };
		FBD5E5EE2887F08700009C7F /* NewsViewController.swift in Sources */ = {isa = PBXBuildFile; fileRef = FBD5E5E82887F08700009C7F /* NewsViewController.swift */; };
		FBD5E5EF2887F08700009C7F /* NewsInteractor.swift in Sources */ = {isa = PBXBuildFile; fileRef = FBD5E5E92887F08700009C7F /* NewsInteractor.swift */; };
		FBD5E5F72887F0A000009C7F /* ActivityPresenter.swift in Sources */ = {isa = PBXBuildFile; fileRef = FBD5E5F12887F0A000009C7F /* ActivityPresenter.swift */; };
		FBD5E5F82887F0A000009C7F /* ActivityWorker.swift in Sources */ = {isa = PBXBuildFile; fileRef = FBD5E5F22887F0A000009C7F /* ActivityWorker.swift */; };
		FBD5E5F92887F0A000009C7F /* ActivityRouter.swift in Sources */ = {isa = PBXBuildFile; fileRef = FBD5E5F32887F0A000009C7F /* ActivityRouter.swift */; };
		FBD5E5FA2887F0A000009C7F /* ActivityModels.swift in Sources */ = {isa = PBXBuildFile; fileRef = FBD5E5F42887F0A000009C7F /* ActivityModels.swift */; };
		FBD5E5FB2887F0A000009C7F /* ActivityViewController.swift in Sources */ = {isa = PBXBuildFile; fileRef = FBD5E5F52887F0A000009C7F /* ActivityViewController.swift */; };
		FBD5E5FC2887F0A100009C7F /* ActivityInteractor.swift in Sources */ = {isa = PBXBuildFile; fileRef = FBD5E5F62887F0A000009C7F /* ActivityInteractor.swift */; };
		FBD5E6042887F0BB00009C7F /* SettingPresenter.swift in Sources */ = {isa = PBXBuildFile; fileRef = FBD5E5FE2887F0BB00009C7F /* SettingPresenter.swift */; };
		FBD5E6052887F0BB00009C7F /* SettingWorker.swift in Sources */ = {isa = PBXBuildFile; fileRef = FBD5E5FF2887F0BB00009C7F /* SettingWorker.swift */; };
		FBD5E6062887F0BB00009C7F /* SettingRouter.swift in Sources */ = {isa = PBXBuildFile; fileRef = FBD5E6002887F0BB00009C7F /* SettingRouter.swift */; };
		FBD5E6072887F0BB00009C7F /* SettingModels.swift in Sources */ = {isa = PBXBuildFile; fileRef = FBD5E6012887F0BB00009C7F /* SettingModels.swift */; };
		FBD5E6082887F0BB00009C7F /* SettingViewController.swift in Sources */ = {isa = PBXBuildFile; fileRef = FBD5E6022887F0BB00009C7F /* SettingViewController.swift */; };
		FBD5E6092887F0BB00009C7F /* SettingInteractor.swift in Sources */ = {isa = PBXBuildFile; fileRef = FBD5E6032887F0BB00009C7F /* SettingInteractor.swift */; };
		FBD5E6172887F20700009C7F /* Pagable.swift in Sources */ = {isa = PBXBuildFile; fileRef = FBD5E60D2887F20600009C7F /* Pagable.swift */; };
		FBD5E6182887F20700009C7F /* MenuView.swift in Sources */ = {isa = PBXBuildFile; fileRef = FBD5E60E2887F20600009C7F /* MenuView.swift */; };
		FBD5E6192887F20700009C7F /* PagingMenuControllerCustomizable.swift in Sources */ = {isa = PBXBuildFile; fileRef = FBD5E60F2887F20700009C7F /* PagingMenuControllerCustomizable.swift */; };
		FBD5E61A2887F20700009C7F /* PagingViewController.swift in Sources */ = {isa = PBXBuildFile; fileRef = FBD5E6102887F20700009C7F /* PagingViewController.swift */; };
		FBD5E61B2887F20700009C7F /* PagingMenuController.swift in Sources */ = {isa = PBXBuildFile; fileRef = FBD5E6112887F20700009C7F /* PagingMenuController.swift */; };
		FBD5E61C2887F20700009C7F /* RootNavigationController.swift in Sources */ = {isa = PBXBuildFile; fileRef = FBD5E6122887F20700009C7F /* RootNavigationController.swift */; };
		FBD5E61D2887F20700009C7F /* DrawerMenu.swift in Sources */ = {isa = PBXBuildFile; fileRef = FBD5E6132887F20700009C7F /* DrawerMenu.swift */; };
		FBD5E61E2887F20700009C7F /* MenuItemViewCustomizable.swift in Sources */ = {isa = PBXBuildFile; fileRef = FBD5E6142887F20700009C7F /* MenuItemViewCustomizable.swift */; };
		FBD5E61F2887F20700009C7F /* MenuViewCustomizable.swift in Sources */ = {isa = PBXBuildFile; fileRef = FBD5E6152887F20700009C7F /* MenuViewCustomizable.swift */; };
		FBD5E6202887F20700009C7F /* MenuItemView.swift in Sources */ = {isa = PBXBuildFile; fileRef = FBD5E6162887F20700009C7F /* MenuItemView.swift */; };
		FBD5E6222887F36C00009C7F /* AppDirector.swift in Sources */ = {isa = PBXBuildFile; fileRef = FBD5E6212887F36C00009C7F /* AppDirector.swift */; };
		FBD5E6252887FE0300009C7F /* ColorExtension.swift in Sources */ = {isa = PBXBuildFile; fileRef = FBD5E6242887FE0300009C7F /* ColorExtension.swift */; };
		FBD5E6272887FF7000009C7F /* AppGlobal.swift in Sources */ = {isa = PBXBuildFile; fileRef = FBD5E6262887FF7000009C7F /* AppGlobal.swift */; };
		FBD5E6292888066B00009C7F /* Profile.swift in Sources */ = {isa = PBXBuildFile; fileRef = FBD5E6282888066B00009C7F /* Profile.swift */; };
/* End PBXBuildFile section */

/* Begin PBXContainerItemProxy section */
		FBD5E58B2887E15B00009C7F /* PBXContainerItemProxy */ = {
			isa = PBXContainerItemProxy;
			containerPortal = FBD5E56C2887E15900009C7F /* Project object */;
			proxyType = 1;
			remoteGlobalIDString = FBD5E5732887E15900009C7F;
			remoteInfo = CleanAppPracetice02;
		};
		FBD5E5952887E15B00009C7F /* PBXContainerItemProxy */ = {
			isa = PBXContainerItemProxy;
			containerPortal = FBD5E56C2887E15900009C7F /* Project object */;
			proxyType = 1;
			remoteGlobalIDString = FBD5E5732887E15900009C7F;
			remoteInfo = CleanAppPracetice02;
		};
/* End PBXContainerItemProxy section */

/* Begin PBXFileReference section */
		FBD5E5742887E15900009C7F /* CleanAppPracetice02.app */ = {isa = PBXFileReference; explicitFileType = wrapper.application; includeInIndex = 0; path = CleanAppPracetice02.app; sourceTree = BUILT_PRODUCTS_DIR; };
		FBD5E5772887E15900009C7F /* AppDelegate.swift */ = {isa = PBXFileReference; lastKnownFileType = sourcecode.swift; path = AppDelegate.swift; sourceTree = "<group>"; };
		FBD5E5792887E15900009C7F /* SceneDelegate.swift */ = {isa = PBXFileReference; lastKnownFileType = sourcecode.swift; path = SceneDelegate.swift; sourceTree = "<group>"; };
		FBD5E57E2887E15900009C7F /* Base */ = {isa = PBXFileReference; lastKnownFileType = file.storyboard; name = Base; path = Base.lproj/Main.storyboard; sourceTree = "<group>"; };
		FBD5E5802887E15B00009C7F /* Assets.xcassets */ = {isa = PBXFileReference; lastKnownFileType = folder.assetcatalog; path = Assets.xcassets; sourceTree = "<group>"; };
		FBD5E5832887E15B00009C7F /* Base */ = {isa = PBXFileReference; lastKnownFileType = file.storyboard; name = Base; path = Base.lproj/LaunchScreen.storyboard; sourceTree = "<group>"; };
		FBD5E5852887E15B00009C7F /* Info.plist */ = {isa = PBXFileReference; lastKnownFileType = text.plist.xml; path = Info.plist; sourceTree = "<group>"; };
		FBD5E58A2887E15B00009C7F /* CleanAppPracetice02Tests.xctest */ = {isa = PBXFileReference; explicitFileType = wrapper.cfbundle; includeInIndex = 0; path = CleanAppPracetice02Tests.xctest; sourceTree = BUILT_PRODUCTS_DIR; };
		FBD5E58E2887E15B00009C7F /* CleanAppPracetice02Tests.swift */ = {isa = PBXFileReference; lastKnownFileType = sourcecode.swift; path = CleanAppPracetice02Tests.swift; sourceTree = "<group>"; };
		FBD5E5942887E15B00009C7F /* CleanAppPracetice02UITests.xctest */ = {isa = PBXFileReference; explicitFileType = wrapper.cfbundle; includeInIndex = 0; path = CleanAppPracetice02UITests.xctest; sourceTree = BUILT_PRODUCTS_DIR; };
		FBD5E5982887E15B00009C7F /* CleanAppPracetice02UITests.swift */ = {isa = PBXFileReference; lastKnownFileType = sourcecode.swift; path = CleanAppPracetice02UITests.swift; sourceTree = "<group>"; };
		FBD5E59A2887E15B00009C7F /* CleanAppPracetice02UITestsLaunchTests.swift */ = {isa = PBXFileReference; lastKnownFileType = sourcecode.swift; path = CleanAppPracetice02UITestsLaunchTests.swift; sourceTree = "<group>"; };
		FBD5E5AC2887ED8300009C7F /* LoginPresenter.swift */ = {isa = PBXFileReference; lastKnownFileType = sourcecode.swift; path = LoginPresenter.swift; sourceTree = "<group>"; };
		FBD5E5AD2887ED8300009C7F /* LoginWorker.swift */ = {isa = PBXFileReference; lastKnownFileType = sourcecode.swift; path = LoginWorker.swift; sourceTree = "<group>"; };
		FBD5E5AE2887ED8300009C7F /* LoginRouter.swift */ = {isa = PBXFileReference; lastKnownFileType = sourcecode.swift; path = LoginRouter.swift; sourceTree = "<group>"; };
		FBD5E5AF2887ED8300009C7F /* LoginModels.swift */ = {isa = PBXFileReference; lastKnownFileType = sourcecode.swift; path = LoginModels.swift; sourceTree = "<group>"; };
		FBD5E5B02887ED8300009C7F /* LoginViewController.swift */ = {isa = PBXFileReference; lastKnownFileType = sourcecode.swift; path = LoginViewController.swift; sourceTree = "<group>"; };
		FBD5E5B12887ED8300009C7F /* LoginInteractor.swift */ = {isa = PBXFileReference; lastKnownFileType = sourcecode.swift; path = LoginInteractor.swift; sourceTree = "<group>"; };
		FBD5E5B92887EDE200009C7F /* Login.storyboard */ = {isa = PBXFileReference; lastKnownFileType = file.storyboard; path = Login.storyboard; sourceTree = "<group>"; };
		FBD5E5BC2887EE3D00009C7F /* RootPresenter.swift */ = {isa = PBXFileReference; lastKnownFileType = sourcecode.swift; path = RootPresenter.swift; sourceTree = "<group>"; };
		FBD5E5BD2887EE3D00009C7F /* RootWorker.swift */ = {isa = PBXFileReference; lastKnownFileType = sourcecode.swift; path = RootWorker.swift; sourceTree = "<group>"; };
		FBD5E5BE2887EE3D00009C7F /* RootRouter.swift */ = {isa = PBXFileReference; lastKnownFileType = sourcecode.swift; path = RootRouter.swift; sourceTree = "<group>"; };
		FBD5E5BF2887EE3D00009C7F /* RootModels.swift */ = {isa = PBXFileReference; lastKnownFileType = sourcecode.swift; path = RootModels.swift; sourceTree = "<group>"; };
		FBD5E5C02887EE3D00009C7F /* RootViewController.swift */ = {isa = PBXFileReference; lastKnownFileType = sourcecode.swift; path = RootViewController.swift; sourceTree = "<group>"; };
		FBD5E5C12887EE3D00009C7F /* RootInteractor.swift */ = {isa = PBXFileReference; lastKnownFileType = sourcecode.swift; path = RootInteractor.swift; sourceTree = "<group>"; };
		FBD5E5C82887EEFB00009C7F /* Home.storyboard */ = {isa = PBXFileReference; lastKnownFileType = file.storyboard; path = Home.storyboard; sourceTree = "<group>"; };
		FBD5E5CA2887EF2700009C7F /* News.storyboard */ = {isa = PBXFileReference; lastKnownFileType = file.storyboard; path = News.storyboard; sourceTree = "<group>"; };
		FBD5E5CC2887EF3F00009C7F /* Activity.storyboard */ = {isa = PBXFileReference; lastKnownFileType = file.storyboard; path = Activity.storyboard; sourceTree = "<group>"; };
		FBD5E5CE2887EF5200009C7F /* Setting.storyboard */ = {isa = PBXFileReference; lastKnownFileType = file.storyboard; path = Setting.storyboard; sourceTree = "<group>"; };
		FBD5E5D42887F00D00009C7F /* HomePresenter.swift */ = {isa = PBXFileReference; lastKnownFileType = sourcecode.swift; path = HomePresenter.swift; sourceTree = "<group>"; };
		FBD5E5D52887F00D00009C7F /* HomeWorker.swift */ = {isa = PBXFileReference; lastKnownFileType = sourcecode.swift; path = HomeWorker.swift; sourceTree = "<group>"; };
		FBD5E5D62887F00D00009C7F /* HomeRouter.swift */ = {isa = PBXFileReference; lastKnownFileType = sourcecode.swift; path = HomeRouter.swift; sourceTree = "<group>"; };
		FBD5E5D72887F00D00009C7F /* HomeModels.swift */ = {isa = PBXFileReference; lastKnownFileType = sourcecode.swift; path = HomeModels.swift; sourceTree = "<group>"; };
		FBD5E5D82887F00D00009C7F /* HomeViewController.swift */ = {isa = PBXFileReference; lastKnownFileType = sourcecode.swift; path = HomeViewController.swift; sourceTree = "<group>"; };
		FBD5E5D92887F00D00009C7F /* HomeInteractor.swift */ = {isa = PBXFileReference; lastKnownFileType = sourcecode.swift; path = HomeInteractor.swift; sourceTree = "<group>"; };
		FBD5E5E42887F08700009C7F /* NewsPresenter.swift */ = {isa = PBXFileReference; lastKnownFileType = sourcecode.swift; path = NewsPresenter.swift; sourceTree = "<group>"; };
		FBD5E5E52887F08700009C7F /* NewsWorker.swift */ = {isa = PBXFileReference; lastKnownFileType = sourcecode.swift; path = NewsWorker.swift; sourceTree = "<group>"; };
		FBD5E5E62887F08700009C7F /* NewsRouter.swift */ = {isa = PBXFileReference; lastKnownFileType = sourcecode.swift; path = NewsRouter.swift; sourceTree = "<group>"; };
		FBD5E5E72887F08700009C7F /* NewsModels.swift */ = {isa = PBXFileReference; lastKnownFileType = sourcecode.swift; path = NewsModels.swift; sourceTree = "<group>"; };
		FBD5E5E82887F08700009C7F /* NewsViewController.swift */ = {isa = PBXFileReference; lastKnownFileType = sourcecode.swift; path = NewsViewController.swift; sourceTree = "<group>"; };
		FBD5E5E92887F08700009C7F /* NewsInteractor.swift */ = {isa = PBXFileReference; lastKnownFileType = sourcecode.swift; path = NewsInteractor.swift; sourceTree = "<group>"; };
		FBD5E5F12887F0A000009C7F /* ActivityPresenter.swift */ = {isa = PBXFileReference; lastKnownFileType = sourcecode.swift; path = ActivityPresenter.swift; sourceTree = "<group>"; };
		FBD5E5F22887F0A000009C7F /* ActivityWorker.swift */ = {isa = PBXFileReference; lastKnownFileType = sourcecode.swift; path = ActivityWorker.swift; sourceTree = "<group>"; };
		FBD5E5F32887F0A000009C7F /* ActivityRouter.swift */ = {isa = PBXFileReference; lastKnownFileType = sourcecode.swift; path = ActivityRouter.swift; sourceTree = "<group>"; };
		FBD5E5F42887F0A000009C7F /* ActivityModels.swift */ = {isa = PBXFileReference; lastKnownFileType = sourcecode.swift; path = ActivityModels.swift; sourceTree = "<group>"; };
		FBD5E5F52887F0A000009C7F /* ActivityViewController.swift */ = {isa = PBXFileReference; lastKnownFileType = sourcecode.swift; path = ActivityViewController.swift; sourceTree = "<group>"; };
		FBD5E5F62887F0A000009C7F /* ActivityInteractor.swift */ = {isa = PBXFileReference; lastKnownFileType = sourcecode.swift; path = ActivityInteractor.swift; sourceTree = "<group>"; };
		FBD5E5FE2887F0BB00009C7F /* SettingPresenter.swift */ = {isa = PBXFileReference; lastKnownFileType = sourcecode.swift; path = SettingPresenter.swift; sourceTree = "<group>"; };
		FBD5E5FF2887F0BB00009C7F /* SettingWorker.swift */ = {isa = PBXFileReference; lastKnownFileType = sourcecode.swift; path = SettingWorker.swift; sourceTree = "<group>"; };
		FBD5E6002887F0BB00009C7F /* SettingRouter.swift */ = {isa = PBXFileReference; lastKnownFileType = sourcecode.swift; path = SettingRouter.swift; sourceTree = "<group>"; };
		FBD5E6012887F0BB00009C7F /* SettingModels.swift */ = {isa = PBXFileReference; lastKnownFileType = sourcecode.swift; path = SettingModels.swift; sourceTree = "<group>"; };
		FBD5E6022887F0BB00009C7F /* SettingViewController.swift */ = {isa = PBXFileReference; lastKnownFileType = sourcecode.swift; path = SettingViewController.swift; sourceTree = "<group>"; };
		FBD5E6032887F0BB00009C7F /* SettingInteractor.swift */ = {isa = PBXFileReference; lastKnownFileType = sourcecode.swift; path = SettingInteractor.swift; sourceTree = "<group>"; };
		FBD5E60D2887F20600009C7F /* Pagable.swift */ = {isa = PBXFileReference; fileEncoding = 4; lastKnownFileType = sourcecode.swift; path = Pagable.swift; sourceTree = "<group>"; };
		FBD5E60E2887F20600009C7F /* MenuView.swift */ = {isa = PBXFileReference; fileEncoding = 4; lastKnownFileType = sourcecode.swift; path = MenuView.swift; sourceTree = "<group>"; };
		FBD5E60F2887F20700009C7F /* PagingMenuControllerCustomizable.swift */ = {isa = PBXFileReference; fileEncoding = 4; lastKnownFileType = sourcecode.swift; path = PagingMenuControllerCustomizable.swift; sourceTree = "<group>"; };
		FBD5E6102887F20700009C7F /* PagingViewController.swift */ = {isa = PBXFileReference; fileEncoding = 4; lastKnownFileType = sourcecode.swift; path = PagingViewController.swift; sourceTree = "<group>"; };
		FBD5E6112887F20700009C7F /* PagingMenuController.swift */ = {isa = PBXFileReference; fileEncoding = 4; lastKnownFileType = sourcecode.swift; path = PagingMenuController.swift; sourceTree = "<group>"; };
		FBD5E6122887F20700009C7F /* RootNavigationController.swift */ = {isa = PBXFileReference; fileEncoding = 4; lastKnownFileType = sourcecode.swift; path = RootNavigationController.swift; sourceTree = "<group>"; };
		FBD5E6132887F20700009C7F /* DrawerMenu.swift */ = {isa = PBXFileReference; fileEncoding = 4; lastKnownFileType = sourcecode.swift; path = DrawerMenu.swift; sourceTree = "<group>"; };
		FBD5E6142887F20700009C7F /* MenuItemViewCustomizable.swift */ = {isa = PBXFileReference; fileEncoding = 4; lastKnownFileType = sourcecode.swift; path = MenuItemViewCustomizable.swift; sourceTree = "<group>"; };
		FBD5E6152887F20700009C7F /* MenuViewCustomizable.swift */ = {isa = PBXFileReference; fileEncoding = 4; lastKnownFileType = sourcecode.swift; path = MenuViewCustomizable.swift; sourceTree = "<group>"; };
		FBD5E6162887F20700009C7F /* MenuItemView.swift */ = {isa = PBXFileReference; fileEncoding = 4; lastKnownFileType = sourcecode.swift; path = MenuItemView.swift; sourceTree = "<group>"; };
		FBD5E6212887F36C00009C7F /* AppDirector.swift */ = {isa = PBXFileReference; lastKnownFileType = sourcecode.swift; path = AppDirector.swift; sourceTree = "<group>"; };
		FBD5E6242887FE0300009C7F /* ColorExtension.swift */ = {isa = PBXFileReference; lastKnownFileType = sourcecode.swift; path = ColorExtension.swift; sourceTree = "<group>"; };
		FBD5E6262887FF7000009C7F /* AppGlobal.swift */ = {isa = PBXFileReference; lastKnownFileType = sourcecode.swift; path = AppGlobal.swift; sourceTree = "<group>"; };
		FBD5E6282888066B00009C7F /* Profile.swift */ = {isa = PBXFileReference; lastKnownFileType = sourcecode.swift; path = Profile.swift; sourceTree = "<group>"; };
/* End PBXFileReference section */

/* Begin PBXFrameworksBuildPhase section */
		FBD5E5712887E15900009C7F /* Frameworks */ = {
			isa = PBXFrameworksBuildPhase;
			buildActionMask = 2147483647;
			files = (
			);
			runOnlyForDeploymentPostprocessing = 0;
		};
		FBD5E5872887E15B00009C7F /* Frameworks */ = {
			isa = PBXFrameworksBuildPhase;
			buildActionMask = 2147483647;
			files = (
			);
			runOnlyForDeploymentPostprocessing = 0;
		};
		FBD5E5912887E15B00009C7F /* Frameworks */ = {
			isa = PBXFrameworksBuildPhase;
			buildActionMask = 2147483647;
			files = (
			);
			runOnlyForDeploymentPostprocessing = 0;
		};
/* End PBXFrameworksBuildPhase section */

/* Begin PBXGroup section */
		FBD5E56B2887E15900009C7F = {
			isa = PBXGroup;
			children = (
				FBD5E5762887E15900009C7F /* CleanAppPracetice02 */,
				FBD5E58D2887E15B00009C7F /* CleanAppPracetice02Tests */,
				FBD5E5972887E15B00009C7F /* CleanAppPracetice02UITests */,
				FBD5E5752887E15900009C7F /* Products */,
			);
			sourceTree = "<group>";
		};
		FBD5E5752887E15900009C7F /* Products */ = {
			isa = PBXGroup;
			children = (
				FBD5E5742887E15900009C7F /* CleanAppPracetice02.app */,
				FBD5E58A2887E15B00009C7F /* CleanAppPracetice02Tests.xctest */,
				FBD5E5942887E15B00009C7F /* CleanAppPracetice02UITests.xctest */,
			);
			name = Products;
			sourceTree = "<group>";
		};
		FBD5E5762887E15900009C7F /* CleanAppPracetice02 */ = {
			isa = PBXGroup;
			children = (
				FBD5E5772887E15900009C7F /* AppDelegate.swift */,
				FBD5E5792887E15900009C7F /* SceneDelegate.swift */,
				FBD5E6212887F36C00009C7F /* AppDirector.swift */,
				FBD5E5802887E15B00009C7F /* Assets.xcassets */,
				FBD5E5822887E15B00009C7F /* LaunchScreen.storyboard */,
				FBD5E5852887E15B00009C7F /* Info.plist */,
				FBD5E60A2887F18E00009C7F /* Extensions */,
				FBD5E5B82887EDBE00009C7F /* Storyboards */,
				FBD5E5A92887E25A00009C7F /* Workers */,
				FBD5E5A82887E24F00009C7F /* Services */,
				FBD5E5A72887E24400009C7F /* Models */,
				FBD5E5AA2887E26200009C7F /* Scenes */,
				FBD5E6262887FF7000009C7F /* AppGlobal.swift */,
			);
			path = CleanAppPracetice02;
			sourceTree = "<group>";
		};
		FBD5E58D2887E15B00009C7F /* CleanAppPracetice02Tests */ = {
			isa = PBXGroup;
			children = (
				FBD5E58E2887E15B00009C7F /* CleanAppPracetice02Tests.swift */,
			);
			path = CleanAppPracetice02Tests;
			sourceTree = "<group>";
		};
		FBD5E5972887E15B00009C7F /* CleanAppPracetice02UITests */ = {
			isa = PBXGroup;
			children = (
				FBD5E5982887E15B00009C7F /* CleanAppPracetice02UITests.swift */,
				FBD5E59A2887E15B00009C7F /* CleanAppPracetice02UITestsLaunchTests.swift */,
			);
			path = CleanAppPracetice02UITests;
			sourceTree = "<group>";
		};
		FBD5E5A72887E24400009C7F /* Models */ = {
			isa = PBXGroup;
			children = (
				FBD5E6282888066B00009C7F /* Profile.swift */,
			);
			path = Models;
			sourceTree = "<group>";
		};
		FBD5E5A82887E24F00009C7F /* Services */ = {
			isa = PBXGroup;
			children = (
			);
			path = Services;
			sourceTree = "<group>";
		};
		FBD5E5A92887E25A00009C7F /* Workers */ = {
			isa = PBXGroup;
			children = (
			);
			path = Workers;
			sourceTree = "<group>";
		};
		FBD5E5AA2887E26200009C7F /* Scenes */ = {
			isa = PBXGroup;
			children = (
				FBD5E5D12887EFB500009C7F /* RootVCs */,
				FBD5E5D22887EFBF00009C7F /* LoginVCs */,
				FBD5E5D02887EF7700009C7F /* HomeVCs */,
				FBD5E5E02887F03800009C7F /* NewsVCs */,
				FBD5E5E12887F04300009C7F /* ActivityVCs */,
				FBD5E5E22887F05000009C7F /* SettingVCs */,
			);
			path = Scenes;
			sourceTree = "<group>";
		};
		FBD5E5AB2887ED6D00009C7F /* Login */ = {
			isa = PBXGroup;
			children = (
				FBD5E5AC2887ED8300009C7F /* LoginPresenter.swift */,
				FBD5E5AD2887ED8300009C7F /* LoginWorker.swift */,
				FBD5E5AE2887ED8300009C7F /* LoginRouter.swift */,
				FBD5E5AF2887ED8300009C7F /* LoginModels.swift */,
				FBD5E5B02887ED8300009C7F /* LoginViewController.swift */,
				FBD5E5B12887ED8300009C7F /* LoginInteractor.swift */,
			);
			path = Login;
			sourceTree = "<group>";
		};
		FBD5E5B82887EDBE00009C7F /* Storyboards */ = {
			isa = PBXGroup;
			children = (
				FBD5E57D2887E15900009C7F /* Main.storyboard */,
				FBD5E5B92887EDE200009C7F /* Login.storyboard */,
				FBD5E5C82887EEFB00009C7F /* Home.storyboard */,
				FBD5E5CA2887EF2700009C7F /* News.storyboard */,
				FBD5E5CC2887EF3F00009C7F /* Activity.storyboard */,
				FBD5E5CE2887EF5200009C7F /* Setting.storyboard */,
			);
			path = Storyboards;
			sourceTree = "<group>";
		};
		FBD5E5BB2887EE1D00009C7F /* Root */ = {
			isa = PBXGroup;
			children = (
				FBD5E5BC2887EE3D00009C7F /* RootPresenter.swift */,
				FBD5E5BD2887EE3D00009C7F /* RootWorker.swift */,
				FBD5E5BE2887EE3D00009C7F /* RootRouter.swift */,
				FBD5E5BF2887EE3D00009C7F /* RootModels.swift */,
				FBD5E5C02887EE3D00009C7F /* RootViewController.swift */,
				FBD5E5C12887EE3D00009C7F /* RootInteractor.swift */,
			);
			path = Root;
			sourceTree = "<group>";
		};
		FBD5E5D02887EF7700009C7F /* HomeVCs */ = {
			isa = PBXGroup;
			children = (
				FBD5E5D32887EFCF00009C7F /* Home */,
			);
			path = HomeVCs;
			sourceTree = "<group>";
		};
		FBD5E5D12887EFB500009C7F /* RootVCs */ = {
			isa = PBXGroup;
			children = (
				FBD5E5BB2887EE1D00009C7F /* Root */,
			);
			path = RootVCs;
			sourceTree = "<group>";
		};
		FBD5E5D22887EFBF00009C7F /* LoginVCs */ = {
			isa = PBXGroup;
			children = (
				FBD5E5AB2887ED6D00009C7F /* Login */,
			);
			path = LoginVCs;
			sourceTree = "<group>";
		};
		FBD5E5D32887EFCF00009C7F /* Home */ = {
			isa = PBXGroup;
			children = (
				FBD5E5D42887F00D00009C7F /* HomePresenter.swift */,
				FBD5E5D52887F00D00009C7F /* HomeWorker.swift */,
				FBD5E5D62887F00D00009C7F /* HomeRouter.swift */,
				FBD5E5D72887F00D00009C7F /* HomeModels.swift */,
				FBD5E5D82887F00D00009C7F /* HomeViewController.swift */,
				FBD5E5D92887F00D00009C7F /* HomeInteractor.swift */,
			);
			path = Home;
			sourceTree = "<group>";
		};
		FBD5E5E02887F03800009C7F /* NewsVCs */ = {
			isa = PBXGroup;
			children = (
				FBD5E5E32887F07400009C7F /* News */,
			);
			path = NewsVCs;
			sourceTree = "<group>";
		};
		FBD5E5E12887F04300009C7F /* ActivityVCs */ = {
			isa = PBXGroup;
			children = (
				FBD5E5F02887F08C00009C7F /* Activity */,
			);
			path = ActivityVCs;
			sourceTree = "<group>";
		};
		FBD5E5E22887F05000009C7F /* SettingVCs */ = {
			isa = PBXGroup;
			children = (
				FBD5E5FD2887F0AC00009C7F /* Setting */,
			);
			path = SettingVCs;
			sourceTree = "<group>";
		};
		FBD5E5E32887F07400009C7F /* News */ = {
			isa = PBXGroup;
			children = (
				FBD5E5E42887F08700009C7F /* NewsPresenter.swift */,
				FBD5E5E52887F08700009C7F /* NewsWorker.swift */,
				FBD5E5E62887F08700009C7F /* NewsRouter.swift */,
				FBD5E5E72887F08700009C7F /* NewsModels.swift */,
				FBD5E5E82887F08700009C7F /* NewsViewController.swift */,
				FBD5E5E92887F08700009C7F /* NewsInteractor.swift */,
			);
			path = News;
			sourceTree = "<group>";
		};
		FBD5E5F02887F08C00009C7F /* Activity */ = {
			isa = PBXGroup;
			children = (
				FBD5E5F12887F0A000009C7F /* ActivityPresenter.swift */,
				FBD5E5F22887F0A000009C7F /* ActivityWorker.swift */,
				FBD5E5F32887F0A000009C7F /* ActivityRouter.swift */,
				FBD5E5F42887F0A000009C7F /* ActivityModels.swift */,
				FBD5E5F52887F0A000009C7F /* ActivityViewController.swift */,
				FBD5E5F62887F0A000009C7F /* ActivityInteractor.swift */,
			);
			path = Activity;
			sourceTree = "<group>";
		};
		FBD5E5FD2887F0AC00009C7F /* Setting */ = {
			isa = PBXGroup;
			children = (
				FBD5E5FE2887F0BB00009C7F /* SettingPresenter.swift */,
				FBD5E5FF2887F0BB00009C7F /* SettingWorker.swift */,
				FBD5E6002887F0BB00009C7F /* SettingRouter.swift */,
				FBD5E6012887F0BB00009C7F /* SettingModels.swift */,
				FBD5E6022887F0BB00009C7F /* SettingViewController.swift */,
				FBD5E6032887F0BB00009C7F /* SettingInteractor.swift */,
			);
			path = Setting;
			sourceTree = "<group>";
		};
		FBD5E60A2887F18E00009C7F /* Extensions */ = {
			isa = PBXGroup;
			children = (
				FBD5E60B2887F19B00009C7F /* UI */,
			);
			path = Extensions;
			sourceTree = "<group>";
		};
		FBD5E60B2887F19B00009C7F /* UI */ = {
			isa = PBXGroup;
			children = (
				FBD5E6232887FDE200009C7F /* View */,
				FBD5E60C2887F1EE00009C7F /* PageUICore */,
			);
			path = UI;
			sourceTree = "<group>";
		};
		FBD5E60C2887F1EE00009C7F /* PageUICore */ = {
			isa = PBXGroup;
			children = (
				FBD5E6132887F20700009C7F /* DrawerMenu.swift */,
				FBD5E6162887F20700009C7F /* MenuItemView.swift */,
				FBD5E6142887F20700009C7F /* MenuItemViewCustomizable.swift */,
				FBD5E60E2887F20600009C7F /* MenuView.swift */,
				FBD5E6152887F20700009C7F /* MenuViewCustomizable.swift */,
				FBD5E60D2887F20600009C7F /* Pagable.swift */,
				FBD5E6112887F20700009C7F /* PagingMenuController.swift */,
				FBD5E60F2887F20700009C7F /* PagingMenuControllerCustomizable.swift */,
				FBD5E6102887F20700009C7F /* PagingViewController.swift */,
				FBD5E6122887F20700009C7F /* RootNavigationController.swift */,
			);
			path = PageUICore;
			sourceTree = "<group>";
		};
		FBD5E6232887FDE200009C7F /* View */ = {
			isa = PBXGroup;
			children = (
				FBD5E6242887FE0300009C7F /* ColorExtension.swift */,
			);
			path = View;
			sourceTree = "<group>";
		};
/* End PBXGroup section */

/* Begin PBXNativeTarget section */
		FBD5E5732887E15900009C7F /* CleanAppPracetice02 */ = {
			isa = PBXNativeTarget;
			buildConfigurationList = FBD5E59E2887E15B00009C7F /* Build configuration list for PBXNativeTarget "CleanAppPracetice02" */;
			buildPhases = (
				FBD5E5702887E15900009C7F /* Sources */,
				FBD5E5712887E15900009C7F /* Frameworks */,
				FBD5E5722887E15900009C7F /* Resources */,
			);
			buildRules = (
			);
			dependencies = (
			);
			name = CleanAppPracetice02;
			productName = CleanAppPracetice02;
			productReference = FBD5E5742887E15900009C7F /* CleanAppPracetice02.app */;
			productType = "com.apple.product-type.application";
		};
		FBD5E5892887E15B00009C7F /* CleanAppPracetice02Tests */ = {
			isa = PBXNativeTarget;
			buildConfigurationList = FBD5E5A12887E15B00009C7F /* Build configuration list for PBXNativeTarget "CleanAppPracetice02Tests" */;
			buildPhases = (
				FBD5E5862887E15B00009C7F /* Sources */,
				FBD5E5872887E15B00009C7F /* Frameworks */,
				FBD5E5882887E15B00009C7F /* Resources */,
			);
			buildRules = (
			);
			dependencies = (
				FBD5E58C2887E15B00009C7F /* PBXTargetDependency */,
			);
			name = CleanAppPracetice02Tests;
			productName = CleanAppPracetice02Tests;
			productReference = FBD5E58A2887E15B00009C7F /* CleanAppPracetice02Tests.xctest */;
			productType = "com.apple.product-type.bundle.unit-test";
		};
		FBD5E5932887E15B00009C7F /* CleanAppPracetice02UITests */ = {
			isa = PBXNativeTarget;
			buildConfigurationList = FBD5E5A42887E15B00009C7F /* Build configuration list for PBXNativeTarget "CleanAppPracetice02UITests" */;
			buildPhases = (
				FBD5E5902887E15B00009C7F /* Sources */,
				FBD5E5912887E15B00009C7F /* Frameworks */,
				FBD5E5922887E15B00009C7F /* Resources */,
			);
			buildRules = (
			);
			dependencies = (
				FBD5E5962887E15B00009C7F /* PBXTargetDependency */,
			);
			name = CleanAppPracetice02UITests;
			productName = CleanAppPracetice02UITests;
			productReference = FBD5E5942887E15B00009C7F /* CleanAppPracetice02UITests.xctest */;
			productType = "com.apple.product-type.bundle.ui-testing";
		};
/* End PBXNativeTarget section */

/* Begin PBXProject section */
		FBD5E56C2887E15900009C7F /* Project object */ = {
			isa = PBXProject;
			attributes = {
				BuildIndependentTargetsInParallel = 1;
				LastSwiftUpdateCheck = 1340;
				LastUpgradeCheck = 1340;
				TargetAttributes = {
					FBD5E5732887E15900009C7F = {
						CreatedOnToolsVersion = 13.4.1;
					};
					FBD5E5892887E15B00009C7F = {
						CreatedOnToolsVersion = 13.4.1;
						TestTargetID = FBD5E5732887E15900009C7F;
					};
					FBD5E5932887E15B00009C7F = {
						CreatedOnToolsVersion = 13.4.1;
						TestTargetID = FBD5E5732887E15900009C7F;
					};
				};
			};
			buildConfigurationList = FBD5E56F2887E15900009C7F /* Build configuration list for PBXProject "CleanAppPracetice02" */;
			compatibilityVersion = "Xcode 13.0";
			developmentRegion = en;
			hasScannedForEncodings = 0;
			knownRegions = (
				en,
				Base,
			);
			mainGroup = FBD5E56B2887E15900009C7F;
			productRefGroup = FBD5E5752887E15900009C7F /* Products */;
			projectDirPath = "";
			projectRoot = "";
			targets = (
				FBD5E5732887E15900009C7F /* CleanAppPracetice02 */,
				FBD5E5892887E15B00009C7F /* CleanAppPracetice02Tests */,
				FBD5E5932887E15B00009C7F /* CleanAppPracetice02UITests */,
			);
		};
/* End PBXProject section */

/* Begin PBXResourcesBuildPhase section */
		FBD5E5722887E15900009C7F /* Resources */ = {
			isa = PBXResourcesBuildPhase;
			buildActionMask = 2147483647;
			files = (
				FBD5E5BA2887EDE200009C7F /* Login.storyboard in Resources */,
				FBD5E5CB2887EF2700009C7F /* News.storyboard in Resources */,
				FBD5E5C92887EEFB00009C7F /* Home.storyboard in Resources */,
				FBD5E5842887E15B00009C7F /* LaunchScreen.storyboard in Resources */,
				FBD5E5CD2887EF3F00009C7F /* Activity.storyboard in Resources */,
				FBD5E5812887E15B00009C7F /* Assets.xcassets in Resources */,
				FBD5E57F2887E15900009C7F /* Main.storyboard in Resources */,
				FBD5E5CF2887EF5200009C7F /* Setting.storyboard in Resources */,
			);
			runOnlyForDeploymentPostprocessing = 0;
		};
		FBD5E5882887E15B00009C7F /* Resources */ = {
			isa = PBXResourcesBuildPhase;
			buildActionMask = 2147483647;
			files = (
			);
			runOnlyForDeploymentPostprocessing = 0;
		};
		FBD5E5922887E15B00009C7F /* Resources */ = {
			isa = PBXResourcesBuildPhase;
			buildActionMask = 2147483647;
			files = (
			);
			runOnlyForDeploymentPostprocessing = 0;
		};
/* End PBXResourcesBuildPhase section */

/* Begin PBXSourcesBuildPhase section */
		FBD5E5702887E15900009C7F /* Sources */ = {
			isa = PBXSourcesBuildPhase;
			buildActionMask = 2147483647;
			files = (
				FBD5E5FA2887F0A000009C7F /* ActivityModels.swift in Sources */,
				FBD5E5C22887EE3D00009C7F /* RootPresenter.swift in Sources */,
				FBD5E5EC2887F08700009C7F /* NewsRouter.swift in Sources */,
				FBD5E5FB2887F0A000009C7F /* ActivityViewController.swift in Sources */,
				FBD5E5B32887ED8300009C7F /* LoginWorker.swift in Sources */,
				FBD5E5B22887ED8300009C7F /* LoginPresenter.swift in Sources */,
				FBD5E6092887F0BB00009C7F /* SettingInteractor.swift in Sources */,
				FBD5E5B52887ED8300009C7F /* LoginModels.swift in Sources */,
				FBD5E5ED2887F08700009C7F /* NewsModels.swift in Sources */,
				FBD5E5C42887EE3D00009C7F /* RootRouter.swift in Sources */,
				FBD5E6062887F0BB00009C7F /* SettingRouter.swift in Sources */,
				FBD5E6202887F20700009C7F /* MenuItemView.swift in Sources */,
				FBD5E5B42887ED8300009C7F /* LoginRouter.swift in Sources */,
				FBD5E61A2887F20700009C7F /* PagingViewController.swift in Sources */,
				FBD5E6192887F20700009C7F /* PagingMenuControllerCustomizable.swift in Sources */,
				FBD5E5DF2887F00D00009C7F /* HomeInteractor.swift in Sources */,
				FBD5E6182887F20700009C7F /* MenuView.swift in Sources */,
				FBD5E6292888066B00009C7F /* Profile.swift in Sources */,
				FBD5E5DB2887F00D00009C7F /* HomeWorker.swift in Sources */,
				FBD5E5DC2887F00D00009C7F /* HomeRouter.swift in Sources */,
				FBD5E5B62887ED8300009C7F /* LoginViewController.swift in Sources */,
				FBD5E5EB2887F08700009C7F /* NewsWorker.swift in Sources */,
				FBD5E6222887F36C00009C7F /* AppDirector.swift in Sources */,
				FBD5E5EF2887F08700009C7F /* NewsInteractor.swift in Sources */,
				FBD5E61E2887F20700009C7F /* MenuItemViewCustomizable.swift in Sources */,
				FBD5E5DD2887F00D00009C7F /* HomeModels.swift in Sources */,
				FBD5E6172887F20700009C7F /* Pagable.swift in Sources */,
				FBD5E5782887E15900009C7F /* AppDelegate.swift in Sources */,
				FBD5E5C72887EE3D00009C7F /* RootInteractor.swift in Sources */,
				FBD5E5C52887EE3D00009C7F /* RootModels.swift in Sources */,
				FBD5E6272887FF7000009C7F /* AppGlobal.swift in Sources */,
				FBD5E6252887FE0300009C7F /* ColorExtension.swift in Sources */,
				FBD5E6042887F0BB00009C7F /* SettingPresenter.swift in Sources */,
				FBD5E6052887F0BB00009C7F /* SettingWorker.swift in Sources */,
				FBD5E5EA2887F08700009C7F /* NewsPresenter.swift in Sources */,
				FBD5E5EE2887F08700009C7F /* NewsViewController.swift in Sources */,
				FBD5E5C62887EE3D00009C7F /* RootViewController.swift in Sources */,
				FBD5E5F82887F0A000009C7F /* ActivityWorker.swift in Sources */,
				FBD5E5DE2887F00D00009C7F /* HomeViewController.swift in Sources */,
				FBD5E5FC2887F0A100009C7F /* ActivityInteractor.swift in Sources */,
				FBD5E6072887F0BB00009C7F /* SettingModels.swift in Sources */,
				FBD5E5F72887F0A000009C7F /* ActivityPresenter.swift in Sources */,
				FBD5E5F92887F0A000009C7F /* ActivityRouter.swift in Sources */,
				FBD5E61F2887F20700009C7F /* MenuViewCustomizable.swift in Sources */,
				FBD5E61C2887F20700009C7F /* RootNavigationController.swift in Sources */,
				FBD5E5C32887EE3D00009C7F /* RootWorker.swift in Sources */,
				FBD5E57A2887E15900009C7F /* SceneDelegate.swift in Sources */,
				FBD5E61D2887F20700009C7F /* DrawerMenu.swift in Sources */,
				FBD5E61B2887F20700009C7F /* PagingMenuController.swift in Sources */,
				FBD5E6082887F0BB00009C7F /* SettingViewController.swift in Sources */,
				FBD5E5B72887ED8300009C7F /* LoginInteractor.swift in Sources */,
				FBD5E5DA2887F00D00009C7F /* HomePresenter.swift in Sources */,
			);
			runOnlyForDeploymentPostprocessing = 0;
		};
		FBD5E5862887E15B00009C7F /* Sources */ = {
			isa = PBXSourcesBuildPhase;
			buildActionMask = 2147483647;
			files = (
				FBD5E58F2887E15B00009C7F /* CleanAppPracetice02Tests.swift in Sources */,
			);
			runOnlyForDeploymentPostprocessing = 0;
		};
		FBD5E5902887E15B00009C7F /* Sources */ = {
			isa = PBXSourcesBuildPhase;
			buildActionMask = 2147483647;
			files = (
				FBD5E5992887E15B00009C7F /* CleanAppPracetice02UITests.swift in Sources */,
				FBD5E59B2887E15B00009C7F /* CleanAppPracetice02UITestsLaunchTests.swift in Sources */,
			);
			runOnlyForDeploymentPostprocessing = 0;
		};
/* End PBXSourcesBuildPhase section */

/* Begin PBXTargetDependency section */
		FBD5E58C2887E15B00009C7F /* PBXTargetDependency */ = {
			isa = PBXTargetDependency;
			target = FBD5E5732887E15900009C7F /* CleanAppPracetice02 */;
			targetProxy = FBD5E58B2887E15B00009C7F /* PBXContainerItemProxy */;
		};
		FBD5E5962887E15B00009C7F /* PBXTargetDependency */ = {
			isa = PBXTargetDependency;
			target = FBD5E5732887E15900009C7F /* CleanAppPracetice02 */;
			targetProxy = FBD5E5952887E15B00009C7F /* PBXContainerItemProxy */;
		};
/* End PBXTargetDependency section */

/* Begin PBXVariantGroup section */
		FBD5E57D2887E15900009C7F /* Main.storyboard */ = {
			isa = PBXVariantGroup;
			children = (
				FBD5E57E2887E15900009C7F /* Base */,
			);
			name = Main.storyboard;
			sourceTree = "<group>";
		};
		FBD5E5822887E15B00009C7F /* LaunchScreen.storyboard */ = {
			isa = PBXVariantGroup;
			children = (
				FBD5E5832887E15B00009C7F /* Base */,
			);
			name = LaunchScreen.storyboard;
			sourceTree = "<group>";
		};
/* End PBXVariantGroup section */

/* Begin XCBuildConfiguration section */
		FBD5E59C2887E15B00009C7F /* Debug */ = {
			isa = XCBuildConfiguration;
			buildSettings = {
				ALWAYS_SEARCH_USER_PATHS = NO;
				CLANG_ANALYZER_NONNULL = YES;
				CLANG_ANALYZER_NUMBER_OBJECT_CONVERSION = YES_AGGRESSIVE;
				CLANG_CXX_LANGUAGE_STANDARD = "gnu++17";
				CLANG_ENABLE_MODULES = YES;
				CLANG_ENABLE_OBJC_ARC = YES;
				CLANG_ENABLE_OBJC_WEAK = YES;
				CLANG_WARN_BLOCK_CAPTURE_AUTORELEASING = YES;
				CLANG_WARN_BOOL_CONVERSION = YES;
				CLANG_WARN_COMMA = YES;
				CLANG_WARN_CONSTANT_CONVERSION = YES;
				CLANG_WARN_DEPRECATED_OBJC_IMPLEMENTATIONS = YES;
				CLANG_WARN_DIRECT_OBJC_ISA_USAGE = YES_ERROR;
				CLANG_WARN_DOCUMENTATION_COMMENTS = YES;
				CLANG_WARN_EMPTY_BODY = YES;
				CLANG_WARN_ENUM_CONVERSION = YES;
				CLANG_WARN_INFINITE_RECURSION = YES;
				CLANG_WARN_INT_CONVERSION = YES;
				CLANG_WARN_NON_LITERAL_NULL_CONVERSION = YES;
				CLANG_WARN_OBJC_IMPLICIT_RETAIN_SELF = YES;
				CLANG_WARN_OBJC_LITERAL_CONVERSION = YES;
				CLANG_WARN_OBJC_ROOT_CLASS = YES_ERROR;
				CLANG_WARN_QUOTED_INCLUDE_IN_FRAMEWORK_HEADER = YES;
				CLANG_WARN_RANGE_LOOP_ANALYSIS = YES;
				CLANG_WARN_STRICT_PROTOTYPES = YES;
				CLANG_WARN_SUSPICIOUS_MOVE = YES;
				CLANG_WARN_UNGUARDED_AVAILABILITY = YES_AGGRESSIVE;
				CLANG_WARN_UNREACHABLE_CODE = YES;
				CLANG_WARN__DUPLICATE_METHOD_MATCH = YES;
				COPY_PHASE_STRIP = NO;
				DEBUG_INFORMATION_FORMAT = dwarf;
				ENABLE_STRICT_OBJC_MSGSEND = YES;
				ENABLE_TESTABILITY = YES;
				GCC_C_LANGUAGE_STANDARD = gnu11;
				GCC_DYNAMIC_NO_PIC = NO;
				GCC_NO_COMMON_BLOCKS = YES;
				GCC_OPTIMIZATION_LEVEL = 0;
				GCC_PREPROCESSOR_DEFINITIONS = (
					"DEBUG=1",
					"$(inherited)",
				);
				GCC_WARN_64_TO_32_BIT_CONVERSION = YES;
				GCC_WARN_ABOUT_RETURN_TYPE = YES_ERROR;
				GCC_WARN_UNDECLARED_SELECTOR = YES;
				GCC_WARN_UNINITIALIZED_AUTOS = YES_AGGRESSIVE;
				GCC_WARN_UNUSED_FUNCTION = YES;
				GCC_WARN_UNUSED_VARIABLE = YES;
				IPHONEOS_DEPLOYMENT_TARGET = 15.5;
				MTL_ENABLE_DEBUG_INFO = INCLUDE_SOURCE;
				MTL_FAST_MATH = YES;
				ONLY_ACTIVE_ARCH = YES;
				SDKROOT = iphoneos;
				SWIFT_ACTIVE_COMPILATION_CONDITIONS = DEBUG;
				SWIFT_OPTIMIZATION_LEVEL = "-Onone";
			};
			name = Debug;
		};
		FBD5E59D2887E15B00009C7F /* Release */ = {
			isa = XCBuildConfiguration;
			buildSettings = {
				ALWAYS_SEARCH_USER_PATHS = NO;
				CLANG_ANALYZER_NONNULL = YES;
				CLANG_ANALYZER_NUMBER_OBJECT_CONVERSION = YES_AGGRESSIVE;
				CLANG_CXX_LANGUAGE_STANDARD = "gnu++17";
				CLANG_ENABLE_MODULES = YES;
				CLANG_ENABLE_OBJC_ARC = YES;
				CLANG_ENABLE_OBJC_WEAK = YES;
				CLANG_WARN_BLOCK_CAPTURE_AUTORELEASING = YES;
				CLANG_WARN_BOOL_CONVERSION = YES;
				CLANG_WARN_COMMA = YES;
				CLANG_WARN_CONSTANT_CONVERSION = YES;
				CLANG_WARN_DEPRECATED_OBJC_IMPLEMENTATIONS = YES;
				CLANG_WARN_DIRECT_OBJC_ISA_USAGE = YES_ERROR;
				CLANG_WARN_DOCUMENTATION_COMMENTS = YES;
				CLANG_WARN_EMPTY_BODY = YES;
				CLANG_WARN_ENUM_CONVERSION = YES;
				CLANG_WARN_INFINITE_RECURSION = YES;
				CLANG_WARN_INT_CONVERSION = YES;
				CLANG_WARN_NON_LITERAL_NULL_CONVERSION = YES;
				CLANG_WARN_OBJC_IMPLICIT_RETAIN_SELF = YES;
				CLANG_WARN_OBJC_LITERAL_CONVERSION = YES;
				CLANG_WARN_OBJC_ROOT_CLASS = YES_ERROR;
				CLANG_WARN_QUOTED_INCLUDE_IN_FRAMEWORK_HEADER = YES;
				CLANG_WARN_RANGE_LOOP_ANALYSIS = YES;
				CLANG_WARN_STRICT_PROTOTYPES = YES;
				CLANG_WARN_SUSPICIOUS_MOVE = YES;
				CLANG_WARN_UNGUARDED_AVAILABILITY = YES_AGGRESSIVE;
				CLANG_WARN_UNREACHABLE_CODE = YES;
				CLANG_WARN__DUPLICATE_METHOD_MATCH = YES;
				COPY_PHASE_STRIP = NO;
				DEBUG_INFORMATION_FORMAT = "dwarf-with-dsym";
				ENABLE_NS_ASSERTIONS = NO;
				ENABLE_STRICT_OBJC_MSGSEND = YES;
				GCC_C_LANGUAGE_STANDARD = gnu11;
				GCC_NO_COMMON_BLOCKS = YES;
				GCC_WARN_64_TO_32_BIT_CONVERSION = YES;
				GCC_WARN_ABOUT_RETURN_TYPE = YES_ERROR;
				GCC_WARN_UNDECLARED_SELECTOR = YES;
				GCC_WARN_UNINITIALIZED_AUTOS = YES_AGGRESSIVE;
				GCC_WARN_UNUSED_FUNCTION = YES;
				GCC_WARN_UNUSED_VARIABLE = YES;
				IPHONEOS_DEPLOYMENT_TARGET = 15.5;
				MTL_ENABLE_DEBUG_INFO = NO;
				MTL_FAST_MATH = YES;
				SDKROOT = iphoneos;
				SWIFT_COMPILATION_MODE = wholemodule;
				SWIFT_OPTIMIZATION_LEVEL = "-O";
				VALIDATE_PRODUCT = YES;
			};
			name = Release;
		};
		FBD5E59F2887E15B00009C7F /* Debug */ = {
			isa = XCBuildConfiguration;
			buildSettings = {
				ASSETCATALOG_COMPILER_APPICON_NAME = AppIcon;
				ASSETCATALOG_COMPILER_GLOBAL_ACCENT_COLOR_NAME = AccentColor;
				CODE_SIGN_STYLE = Automatic;
				CURRENT_PROJECT_VERSION = 1;
				DEVELOPMENT_TEAM = TAK4FJ62ZZ;
				GENERATE_INFOPLIST_FILE = YES;
				INFOPLIST_FILE = CleanAppPracetice02/Info.plist;
				INFOPLIST_KEY_UIApplicationSupportsIndirectInputEvents = YES;
				INFOPLIST_KEY_UILaunchStoryboardName = LaunchScreen;
				INFOPLIST_KEY_UIMainStoryboardFile = Main;
				INFOPLIST_KEY_UISupportedInterfaceOrientations_iPad = "UIInterfaceOrientationPortrait UIInterfaceOrientationPortraitUpsideDown UIInterfaceOrientationLandscapeLeft UIInterfaceOrientationLandscapeRight";
				INFOPLIST_KEY_UISupportedInterfaceOrientations_iPhone = "UIInterfaceOrientationPortrait UIInterfaceOrientationLandscapeLeft UIInterfaceOrientationLandscapeRight";
				LD_RUNPATH_SEARCH_PATHS = (
					"$(inherited)",
					"@executable_path/Frameworks",
				);
				MARKETING_VERSION = 1.0;
				PRODUCT_BUNDLE_IDENTIFIER = com.workshop.CleanAppPracetice02;
				PRODUCT_NAME = "$(TARGET_NAME)";
				SWIFT_EMIT_LOC_STRINGS = YES;
				SWIFT_VERSION = 5.0;
				TARGETED_DEVICE_FAMILY = "1,2";
			};
			name = Debug;
		};
		FBD5E5A02887E15B00009C7F /* Release */ = {
			isa = XCBuildConfiguration;
			buildSettings = {
				ASSETCATALOG_COMPILER_APPICON_NAME = AppIcon;
				ASSETCATALOG_COMPILER_GLOBAL_ACCENT_COLOR_NAME = AccentColor;
				CODE_SIGN_STYLE = Automatic;
				CURRENT_PROJECT_VERSION = 1;
				DEVELOPMENT_TEAM = TAK4FJ62ZZ;
				GENERATE_INFOPLIST_FILE = YES;
				INFOPLIST_FILE = CleanAppPracetice02/Info.plist;
				INFOPLIST_KEY_UIApplicationSupportsIndirectInputEvents = YES;
				INFOPLIST_KEY_UILaunchStoryboardName = LaunchScreen;
				INFOPLIST_KEY_UIMainStoryboardFile = Main;
				INFOPLIST_KEY_UISupportedInterfaceOrientations_iPad = "UIInterfaceOrientationPortrait UIInterfaceOrientationPortraitUpsideDown UIInterfaceOrientationLandscapeLeft UIInterfaceOrientationLandscapeRight";
				INFOPLIST_KEY_UISupportedInterfaceOrientations_iPhone = "UIInterfaceOrientationPortrait UIInterfaceOrientationLandscapeLeft UIInterfaceOrientationLandscapeRight";
				LD_RUNPATH_SEARCH_PATHS = (
					"$(inherited)",
					"@executable_path/Frameworks",
				);
				MARKETING_VERSION = 1.0;
				PRODUCT_BUNDLE_IDENTIFIER = com.workshop.CleanAppPracetice02;
				PRODUCT_NAME = "$(TARGET_NAME)";
				SWIFT_EMIT_LOC_STRINGS = YES;
				SWIFT_VERSION = 5.0;
				TARGETED_DEVICE_FAMILY = "1,2";
			};
			name = Release;
		};
		FBD5E5A22887E15B00009C7F /* Debug */ = {
			isa = XCBuildConfiguration;
			buildSettings = {
				ALWAYS_EMBED_SWIFT_STANDARD_LIBRARIES = YES;
				BUNDLE_LOADER = "$(TEST_HOST)";
				CODE_SIGN_STYLE = Automatic;
				CURRENT_PROJECT_VERSION = 1;
				DEVELOPMENT_TEAM = TAK4FJ62ZZ;
				GENERATE_INFOPLIST_FILE = YES;
				IPHONEOS_DEPLOYMENT_TARGET = 15.5;
				MARKETING_VERSION = 1.0;
				PRODUCT_BUNDLE_IDENTIFIER = com.workshop.CleanAppPracetice02Tests;
				PRODUCT_NAME = "$(TARGET_NAME)";
				SWIFT_EMIT_LOC_STRINGS = NO;
				SWIFT_VERSION = 5.0;
				TARGETED_DEVICE_FAMILY = "1,2";
				TEST_HOST = "$(BUILT_PRODUCTS_DIR)/CleanAppPracetice02.app/CleanAppPracetice02";
			};
			name = Debug;
		};
		FBD5E5A32887E15B00009C7F /* Release */ = {
			isa = XCBuildConfiguration;
			buildSettings = {
				ALWAYS_EMBED_SWIFT_STANDARD_LIBRARIES = YES;
				BUNDLE_LOADER = "$(TEST_HOST)";
				CODE_SIGN_STYLE = Automatic;
				CURRENT_PROJECT_VERSION = 1;
				DEVELOPMENT_TEAM = TAK4FJ62ZZ;
				GENERATE_INFOPLIST_FILE = YES;
				IPHONEOS_DEPLOYMENT_TARGET = 15.5;
				MARKETING_VERSION = 1.0;
				PRODUCT_BUNDLE_IDENTIFIER = com.workshop.CleanAppPracetice02Tests;
				PRODUCT_NAME = "$(TARGET_NAME)";
				SWIFT_EMIT_LOC_STRINGS = NO;
				SWIFT_VERSION = 5.0;
				TARGETED_DEVICE_FAMILY = "1,2";
				TEST_HOST = "$(BUILT_PRODUCTS_DIR)/CleanAppPracetice02.app/CleanAppPracetice02";
			};
			name = Release;
		};
		FBD5E5A52887E15B00009C7F /* Debug */ = {
			isa = XCBuildConfiguration;
			buildSettings = {
				ALWAYS_EMBED_SWIFT_STANDARD_LIBRARIES = YES;
				CODE_SIGN_STYLE = Automatic;
				CURRENT_PROJECT_VERSION = 1;
				DEVELOPMENT_TEAM = TAK4FJ62ZZ;
				GENERATE_INFOPLIST_FILE = YES;
				MARKETING_VERSION = 1.0;
				PRODUCT_BUNDLE_IDENTIFIER = com.workshop.CleanAppPracetice02UITests;
				PRODUCT_NAME = "$(TARGET_NAME)";
				SWIFT_EMIT_LOC_STRINGS = NO;
				SWIFT_VERSION = 5.0;
				TARGETED_DEVICE_FAMILY = "1,2";
				TEST_TARGET_NAME = CleanAppPracetice02;
			};
			name = Debug;
		};
		FBD5E5A62887E15B00009C7F /* Release */ = {
			isa = XCBuildConfiguration;
			buildSettings = {
				ALWAYS_EMBED_SWIFT_STANDARD_LIBRARIES = YES;
				CODE_SIGN_STYLE = Automatic;
				CURRENT_PROJECT_VERSION = 1;
				DEVELOPMENT_TEAM = TAK4FJ62ZZ;
				GENERATE_INFOPLIST_FILE = YES;
				MARKETING_VERSION = 1.0;
				PRODUCT_BUNDLE_IDENTIFIER = com.workshop.CleanAppPracetice02UITests;
				PRODUCT_NAME = "$(TARGET_NAME)";
				SWIFT_EMIT_LOC_STRINGS = NO;
				SWIFT_VERSION = 5.0;
				TARGETED_DEVICE_FAMILY = "1,2";
				TEST_TARGET_NAME = CleanAppPracetice02;
			};
			name = Release;
		};
/* End XCBuildConfiguration section */

/* Begin XCConfigurationList section */
		FBD5E56F2887E15900009C7F /* Build configuration list for PBXProject "CleanAppPracetice02" */ = {
			isa = XCConfigurationList;
			buildConfigurations = (
				FBD5E59C2887E15B00009C7F /* Debug */,
				FBD5E59D2887E15B00009C7F /* Release */,
			);
			defaultConfigurationIsVisible = 0;
			defaultConfigurationName = Release;
		};
		FBD5E59E2887E15B00009C7F /* Build configuration list for PBXNativeTarget "CleanAppPracetice02" */ = {
			isa = XCConfigurationList;
			buildConfigurations = (
				FBD5E59F2887E15B00009C7F /* Debug */,
				FBD5E5A02887E15B00009C7F /* Release */,
			);
			defaultConfigurationIsVisible = 0;
			defaultConfigurationName = Release;
		};
		FBD5E5A12887E15B00009C7F /* Build configuration list for PBXNativeTarget "CleanAppPracetice02Tests" */ = {
			isa = XCConfigurationList;
			buildConfigurations = (
				FBD5E5A22887E15B00009C7F /* Debug */,
				FBD5E5A32887E15B00009C7F /* Release */,
			);
			defaultConfigurationIsVisible = 0;
			defaultConfigurationName = Release;
		};
		FBD5E5A42887E15B00009C7F /* Build configuration list for PBXNativeTarget "CleanAppPracetice02UITests" */ = {
			isa = XCConfigurationList;
			buildConfigurations = (
				FBD5E5A52887E15B00009C7F /* Debug */,
				FBD5E5A62887E15B00009C7F /* Release */,
			);
			defaultConfigurationIsVisible = 0;
			defaultConfigurationName = Release;
		};
/* End XCConfigurationList section */
	};
	rootObject = FBD5E56C2887E15900009C7F /* Project object */;
}
